
Microsoft Visual Studio Solution File, Format Version 11.00
# Visual Studio 2010
Project("{FAE04EC0-301F-11D3-BF4B-00C04F79EFBC}") = "Assembly-CSharp", "Assembly-CSharp.csproj", "{da431acd-83fe-468c-5763-24d0f80700ae}"
EndProject
Project("{FAE04EC0-301F-11D3-BF4B-00C04F79EFBC}") = "Assembly-CSharp-firstpass", "Assembly-CSharp-firstpass.csproj", "{91bcb9d4-15d8-b167-6f9f-2ab84659f794}"
EndProject
Project("{FAE04EC0-301F-11D3-BF4B-00C04F79EFBC}") = "Assembly-CSharp-Editor-firstpass", "Assembly-CSharp-Editor-firstpass.csproj", "{b9c81f75-73e7-efab-8613-7873966f5cbd}"
EndProject
Project("{FAE04EC0-301F-11D3-BF4B-00C04F79EFBC}") = "Assembly-CSharp-Editor", "Assembly-CSharp-Editor.csproj", "{6888feab-d994-1013-7c2b-375da2d10d78}"
EndProject
Global
	GlobalSection(SolutionConfigurationPlatforms) = preSolution
		Debug|Any CPU = Debug|Any CPU
	EndGlobalSection
	GlobalSection(ProjectConfigurationPlatforms) = postSolution
		{da431acd-83fe-468c-5763-24d0f80700ae}.Debug|Any CPU.ActiveCfg = Debug|Any CPU
		{da431acd-83fe-468c-5763-24d0f80700ae}.Debug|Any CPU.Build.0 = Debug|Any CPU
		{91bcb9d4-15d8-b167-6f9f-2ab84659f794}.Debug|Any CPU.ActiveCfg = Debug|Any CPU
		{91bcb9d4-15d8-b167-6f9f-2ab84659f794}.Debug|Any CPU.Build.0 = Debug|Any CPU
		{b9c81f75-73e7-efab-8613-7873966f5cbd}.Debug|Any CPU.ActiveCfg = Debug|Any CPU
		{b9c81f75-73e7-efab-8613-7873966f5cbd}.Debug|Any CPU.Build.0 = Debug|Any CPU
		{6888feab-d994-1013-7c2b-375da2d10d78}.Debug|Any CPU.ActiveCfg = Debug|Any CPU
		{6888feab-d994-1013-7c2b-375da2d10d78}.Debug|Any CPU.Build.0 = Debug|Any CPU
	EndGlobalSection
	GlobalSection(SolutionProperties) = preSolution
		HideSolutionNode = FALSE
	EndGlobalSection
EndGlobal
